PODS:
  - Flutter (1.0.0)
  - flutter_sticker_maker (0.1.0):
    - Flutter
  - image_picker_ios (0.0.1):
    - Flutter
  - onnxruntime (0.0.1):
    - Flutter
    - onnxruntime-objc (= 1.15.1)
  - onnxruntime-c (1.15.1)
  - onnxruntime-objc (1.15.1):
    - onnxruntime-objc/Core (= 1.15.1)
  - onnxruntime-objc/Core (1.15.1):
    - onnxruntime-c (= 1.15.1)
  - permission_handler_apple (9.3.0):
    - Flutter

DEPENDENCIES:
  - Flutter (from `Flutter`)
  - flutter_sticker_maker (from `.symlinks/plugins/flutter_sticker_maker/ios`)
  - image_picker_ios (from `.symlinks/plugins/image_picker_ios/ios`)
  - onnxruntime (from `.symlinks/plugins/onnxruntime/ios`)
  - permission_handler_apple (from `.symlinks/plugins/permission_handler_apple/ios`)

SPEC REPOS:
  trunk:
    - onnxruntime-c
    - onnxruntime-objc

EXTERNAL SOURCES:
  Flutter:
    :path: Flutter
  flutter_sticker_maker:
    :path: ".symlinks/plugins/flutter_sticker_maker/ios"
  image_picker_ios:
    :path: ".symlinks/plugins/image_picker_ios/ios"
  onnxruntime:
    :path: ".symlinks/plugins/onnxruntime/ios"
  permission_handler_apple:
    :path: ".symlinks/plugins/permission_handler_apple/ios"

SPEC CHECKSUMS:
  Flutter: e0871f40cf51350855a761d2e70bf5af5b9b5de7
  flutter_sticker_maker: 8cc10be6c31771655e84935f84909ce5f5a4b6d4
  image_picker_ios: c560581cceedb403a6ff17f2f816d7fea1421fc1
  onnxruntime: e9346181d75b8dea8733bdae512a22c298962e00
  onnxruntime-c: ebdcfd8650bcbd10121c125262f99dea681b92a3
  onnxruntime-objc: ae7acec7a3d03eaf072d340afed7a35635c1c2a6
  permission_handler_apple: 9878588469a2b0d0fc1e048d9f43605f92e6cec2

PODFILE CHECKSUM: 725a97157c101615867d764602214f1d11f64d85

COCOAPODS: 1.16.2
